
Microsoft Visual Studio Solution File, Format Version 12.00
# Visual Studio 2012
Project("{FAE04EC0-301F-11D3-BF4B-00C04F79EFBC}") = "WinForm", "WinForm\WinForm.csproj", "{73501260-8D75-4DA8-BF53-6C76DC08519B}"
EndProject
Project("{FAE04EC0-301F-11D3-BF4B-00C04F79EFBC}") = "Core", "Core\Core.csproj", "{E21FE6C1-4100-4A1F-92F8-5A9AA21E49C9}"
EndProject
Global
	GlobalSection(SolutionConfigurationPlatforms) = preSolution
		Debug|Any CPU = Debug|Any CPU
		Release|Any CPU = Release|Any CPU
	EndGlobalSection
	GlobalSection(ProjectConfigurationPlatforms) = postSolution
		{73501260-8D75-4DA8-BF53-6C76DC08519B}.Debug|Any CPU.ActiveCfg = Debug|Any CPU
		{73501260-8D75-4DA8-BF53-6C76DC08519B}.Debug|Any CPU.Build.0 = Debug|Any CPU
		{73501260-8D75-4DA8-BF53-6C76DC08519B}.Release|Any CPU.ActiveCfg = Release|Any CPU
		{73501260-8D75-4DA8-BF53-6C76DC08519B}.Release|Any CPU.Build.0 = Release|Any CPU
		{E21FE6C1-4100-4A1F-92F8-5A9AA21E49C9}.Debug|Any CPU.ActiveCfg = Debug|Any CPU
		{E21FE6C1-4100-4A1F-92F8-5A9AA21E49C9}.Debug|Any CPU.Build.0 = Debug|Any CPU
		{E21FE6C1-4100-4A1F-92F8-5A9AA21E49C9}.Release|Any CPU.ActiveCfg = Release|Any CPU
		{E21FE6C1-4100-4A1F-92F8-5A9AA21E49C9}.Release|Any CPU.Build.0 = Release|Any CPU
	EndGlobalSection
	GlobalSection(SolutionProperties) = preSolution
		HideSolutionNode = FALSE
	EndGlobalSection
EndGlobal
